
Microsoft Visual Studio Solution File, Format Version 12.00
# Visual Studio 15
VisualStudioVersion = 15.0.27703.2042
MinimumVisualStudioVersion = 10.0.40219.1
Project("{8BC9CEB8-8B4A-11D0-8D11-00A0C91BC942}") = "simulator-windows", "simulator-windows\simulator-windows.vcxproj", "{D4E5D7E0-1EDD-40D5-9D1D-319948E38EF2}"
EndProject
Global
	GlobalSection(SolutionConfigurationPlatforms) = preSolution
		Debug|x64 = Debug|x64
		Debug|x86 = Debug|x86
		Release|x64 = Release|x64
		Release|x86 = Release|x86
	EndGlobalSection
	GlobalSection(ProjectConfigurationPlatforms) = postSolution
		{D4E5D7E0-1EDD-40D5-9D1D-319948E38EF2}.Debug|x64.ActiveCfg = Debug|x64
		{D4E5D7E0-1EDD-40D5-9D1D-319948E38EF2}.Debug|x64.Build.0 = Debug|x64
		{D4E5D7E0-1EDD-40D5-9D1D-319948E38EF2}.Debug|x86.ActiveCfg = Debug|Win32
		{D4E5D7E0-1EDD-40D5-9D1D-319948E38EF2}.Debug|x86.Build.0 = Debug|Win32
		{D4E5D7E0-1EDD-40D5-9D1D-319948E38EF2}.Release|x64.ActiveCfg = Release|x64
		{D4E5D7E0-1EDD-40D5-9D1D-319948E38EF2}.Release|x64.Build.0 = Release|x64
		{D4E5D7E0-1EDD-40D5-9D1D-319948E38EF2}.Release|x86.ActiveCfg = Release|Win32
		{D4E5D7E0-1EDD-40D5-9D1D-319948E38EF2}.Release|x86.Build.0 = Release|Win32
	EndGlobalSection
	GlobalSection(SolutionProperties) = preSolution
		HideSolutionNode = FALSE
	EndGlobalSection
	GlobalSection(ExtensibilityGlobals) = postSolution
		SolutionGuid = {00C076D8-65FC-4530-8A38-06CB5E544DC3}
	EndGlobalSection
EndGlobal
